
Microsoft Visual Studio Solution File, Format Version 12.00
# Visual Studio Version 16
VisualStudioVersion = 16.0.31424.327
MinimumVisualStudioVersion = 10.0.40219.1
Project("{FAE04EC0-301F-11D3-BF4B-00C04F79EFBC}") = "ProgressiveWork", "ProgressiveWork.csproj", "{6ED0AF59-F8A1-464C-91C6-B6D121764E53}"
EndProject
Global
	GlobalSection(SolutionConfigurationPlatforms) = preSolution
		Debug|Any CPU = Debug|Any CPU
		Release|Any CPU = Release|Any CPU
	EndGlobalSection
	GlobalSection(ProjectConfigurationPlatforms) = postSolution
		{6ED0AF59-F8A1-464C-91C6-B6D121764E53}.Debug|Any CPU.ActiveCfg = Debug|Any CPU
		{6ED0AF59-F8A1-464C-91C6-B6D121764E53}.Debug|Any CPU.Build.0 = Debug|Any CPU
		{6ED0AF59-F8A1-464C-91C6-B6D121764E53}.Release|Any CPU.ActiveCfg = Release|Any CPU
		{6ED0AF59-F8A1-464C-91C6-B6D121764E53}.Release|Any CPU.Build.0 = Release|Any CPU
	EndGlobalSection
	GlobalSection(SolutionProperties) = preSolution
		HideSolutionNode = FALSE
	EndGlobalSection
	GlobalSection(ExtensibilityGlobals) = postSolution
		SolutionGuid = {C50CDF38-86E5-493C-8B19-A02A8AD4BB89}
	EndGlobalSection
EndGlobal
